
Microsoft Visual Studio Solution File, Format Version 12.00
# Visual Studio Version 17
VisualStudioVersion = 17.14.36109.1 d17.14
MinimumVisualStudioVersion = 10.0.40219.1
Project("{FAE04EC0-301F-11D3-BF4B-00C04F79EFBC}") = "Hw12", "Hw12\Hw12.csproj", "{EA273CD8-CBE4-43DB-A975-205C2705D58C}"
EndProject
Global
	GlobalSection(SolutionConfigurationPlatforms) = preSolution
		Debug|Any CPU = Debug|Any CPU
		Release|Any CPU = Release|Any CPU
	EndGlobalSection
	GlobalSection(ProjectConfigurationPlatforms) = postSolution
		{EA273CD8-CBE4-43DB-A975-205C2705D58C}.Debug|Any CPU.ActiveCfg = Debug|Any CPU
		{EA273CD8-CBE4-43DB-A975-205C2705D58C}.Debug|Any CPU.Build.0 = Debug|Any CPU
		{EA273CD8-CBE4-43DB-A975-205C2705D58C}.Release|Any CPU.ActiveCfg = Release|Any CPU
		{EA273CD8-CBE4-43DB-A975-205C2705D58C}.Release|Any CPU.Build.0 = Release|Any CPU
	EndGlobalSection
	GlobalSection(SolutionProperties) = preSolution
		HideSolutionNode = FALSE
	EndGlobalSection
	GlobalSection(ExtensibilityGlobals) = postSolution
		SolutionGuid = {8DFBD50B-FBB6-4669-850D-A1770056E0CF}
	EndGlobalSection
EndGlobal
